
Microsoft Visual Studio Solution File, Format Version 12.00
# Visual Studio Version 16
VisualStudioVersion = 16.0.30621.155
MinimumVisualStudioVersion = 10.0.40219.1
Project("{FAE04EC0-301F-11D3-BF4B-00C04F79EFBC}") = "DocAnie", "DocAnie\DocAnie.csproj", "{F2B05504-0185-4AF7-BD89-5753F44F1DB4}"
EndProject
Global
	GlobalSection(SolutionConfigurationPlatforms) = preSolution
		Debug|Any CPU = Debug|Any CPU
		Release|Any CPU = Release|Any CPU
	EndGlobalSection
	GlobalSection(ProjectConfigurationPlatforms) = postSolution
		{F2B05504-0185-4AF7-BD89-5753F44F1DB4}.Debug|Any CPU.ActiveCfg = Debug|Any CPU
		{F2B05504-0185-4AF7-BD89-5753F44F1DB4}.Debug|Any CPU.Build.0 = Debug|Any CPU
		{F2B05504-0185-4AF7-BD89-5753F44F1DB4}.Release|Any CPU.ActiveCfg = Release|Any CPU
		{F2B05504-0185-4AF7-BD89-5753F44F1DB4}.Release|Any CPU.Build.0 = Release|Any CPU
	EndGlobalSection
	GlobalSection(SolutionProperties) = preSolution
		HideSolutionNode = FALSE
	EndGlobalSection
	GlobalSection(ExtensibilityGlobals) = postSolution
		SolutionGuid = {F1DD2FBF-982A-450B-A92F-03EB7DCB03D8}
	EndGlobalSection
EndGlobal
